
Microsoft Visual Studio Solution File, Format Version 12.00
# Visual Studio Version 16
VisualStudioVersion = 16.0.32228.343
MinimumVisualStudioVersion = 10.0.40219.1
Project("{FAE04EC0-301F-11D3-BF4B-00C04F79EFBC}") = "Blobs", "Blobs\Blobs.csproj", "{2E733298-A905-4816-833B-C2161F5E95BE}"
EndProject
Global
	GlobalSection(SolutionConfigurationPlatforms) = preSolution
		Debug|Any CPU = Debug|Any CPU
		Release|Any CPU = Release|Any CPU
	EndGlobalSection
	GlobalSection(ProjectConfigurationPlatforms) = postSolution
		{2E733298-A905-4816-833B-C2161F5E95BE}.Debug|Any CPU.ActiveCfg = Debug|Any CPU
		{2E733298-A905-4816-833B-C2161F5E95BE}.Debug|Any CPU.Build.0 = Debug|Any CPU
		{2E733298-A905-4816-833B-C2161F5E95BE}.Release|Any CPU.ActiveCfg = Release|Any CPU
		{2E733298-A905-4816-833B-C2161F5E95BE}.Release|Any CPU.Build.0 = Release|Any CPU
	EndGlobalSection
	GlobalSection(SolutionProperties) = preSolution
		HideSolutionNode = FALSE
	EndGlobalSection
	GlobalSection(ExtensibilityGlobals) = postSolution
		SolutionGuid = {A08B1A20-3B35-4A9F-914D-D4F4236BE764}
	EndGlobalSection
EndGlobal
