
Microsoft Visual Studio Solution File, Format Version 12.00
# Visual Studio Version 16
VisualStudioVersion = 16.0.33214.272
MinimumVisualStudioVersion = 10.0.40219.1
Project("{FAE04EC0-301F-11D3-BF4B-00C04F79EFBC}") = "Carte", "Carte\Carte.csproj", "{F00D654C-8856-47AC-BAB3-EADF4FD8A3D6}"
EndProject
Global
	GlobalSection(SolutionConfigurationPlatforms) = preSolution
		Debug|Any CPU = Debug|Any CPU
		Release|Any CPU = Release|Any CPU
	EndGlobalSection
	GlobalSection(ProjectConfigurationPlatforms) = postSolution
		{F00D654C-8856-47AC-BAB3-EADF4FD8A3D6}.Debug|Any CPU.ActiveCfg = Debug|Any CPU
		{F00D654C-8856-47AC-BAB3-EADF4FD8A3D6}.Debug|Any CPU.Build.0 = Debug|Any CPU
		{F00D654C-8856-47AC-BAB3-EADF4FD8A3D6}.Release|Any CPU.ActiveCfg = Release|Any CPU
		{F00D654C-8856-47AC-BAB3-EADF4FD8A3D6}.Release|Any CPU.Build.0 = Release|Any CPU
	EndGlobalSection
	GlobalSection(SolutionProperties) = preSolution
		HideSolutionNode = FALSE
	EndGlobalSection
	GlobalSection(ExtensibilityGlobals) = postSolution
		SolutionGuid = {D597EF9E-F5F5-4298-A239-D8AC1D7DBDD6}
	EndGlobalSection
EndGlobal
