
Microsoft Visual Studio Solution File, Format Version 12.00
# Visual Studio Version 16
VisualStudioVersion = 16.0.33214.272
MinimumVisualStudioVersion = 10.0.40219.1
Project("{FAE04EC0-301F-11D3-BF4B-00C04F79EFBC}") = "Student", "Student\Student.csproj", "{952BFEFC-CB3A-4F46-A020-C1DB6E745FFC}"
EndProject
Global
	GlobalSection(SolutionConfigurationPlatforms) = preSolution
		Debug|Any CPU = Debug|Any CPU
		Release|Any CPU = Release|Any CPU
	EndGlobalSection
	GlobalSection(ProjectConfigurationPlatforms) = postSolution
		{952BFEFC-CB3A-4F46-A020-C1DB6E745FFC}.Debug|Any CPU.ActiveCfg = Debug|Any CPU
		{952BFEFC-CB3A-4F46-A020-C1DB6E745FFC}.Debug|Any CPU.Build.0 = Debug|Any CPU
		{952BFEFC-CB3A-4F46-A020-C1DB6E745FFC}.Release|Any CPU.ActiveCfg = Release|Any CPU
		{952BFEFC-CB3A-4F46-A020-C1DB6E745FFC}.Release|Any CPU.Build.0 = Release|Any CPU
	EndGlobalSection
	GlobalSection(SolutionProperties) = preSolution
		HideSolutionNode = FALSE
	EndGlobalSection
	GlobalSection(ExtensibilityGlobals) = postSolution
		SolutionGuid = {FD07243E-12A3-42BD-8214-953D765B3640}
	EndGlobalSection
EndGlobal
