
Microsoft Visual Studio Solution File, Format Version 12.00
# Visual Studio Version 16
VisualStudioVersion = 16.0.33214.272
MinimumVisualStudioVersion = 10.0.40219.1
Project("{FAE04EC0-301F-11D3-BF4B-00C04F79EFBC}") = "Biblioteca", "Biblioteca\Biblioteca.csproj", "{2B9673BA-8E0E-4F80-9D42-AD46507CFD2B}"
EndProject
Global
	GlobalSection(SolutionConfigurationPlatforms) = preSolution
		Debug|Any CPU = Debug|Any CPU
		Release|Any CPU = Release|Any CPU
	EndGlobalSection
	GlobalSection(ProjectConfigurationPlatforms) = postSolution
		{2B9673BA-8E0E-4F80-9D42-AD46507CFD2B}.Debug|Any CPU.ActiveCfg = Debug|Any CPU
		{2B9673BA-8E0E-4F80-9D42-AD46507CFD2B}.Debug|Any CPU.Build.0 = Debug|Any CPU
		{2B9673BA-8E0E-4F80-9D42-AD46507CFD2B}.Release|Any CPU.ActiveCfg = Release|Any CPU
		{2B9673BA-8E0E-4F80-9D42-AD46507CFD2B}.Release|Any CPU.Build.0 = Release|Any CPU
	EndGlobalSection
	GlobalSection(SolutionProperties) = preSolution
		HideSolutionNode = FALSE
	EndGlobalSection
	GlobalSection(ExtensibilityGlobals) = postSolution
		SolutionGuid = {2D1D376B-A82C-4BC3-90FA-225341D2AAA1}
	EndGlobalSection
EndGlobal
